{
  "name": "tasks",
  "version": "1.0.0",
  "lockfileVersion": 3,
  "requires": true,
  "packages": {
    "": {
      "name": "tasks",
      "version": "1.0.0",
      "license": "ISC",
      "dependencies": {
        "@jest/types": "^29.6.3"
      },
      "devDependencies": {
        "jest": "^29.7.0"
      }
    },
    "../../../node_modules/.pnpm/jest@29.7.0_@types+node@22.10.1/node_modules/jest": {
      "version": "29.7.0",
      "dev": true,
      "license": "MIT",
      "dependencies": {
        "@jest/core": "^29.7.0",
        "@jest/types": "^29.6.3",
        "import-local": "^3.0.2",
        "jest-cli": "^29.7.0"
      },
      "bin": {
        "jest": "bin/jest.js"
      },
      "devDependencies": {
        "@tsd/typescript": "^5.0.4",
        "tsd-lite": "^0.7.0"
      },
      "engines": {
        "node": "^14.15.0 || ^16.10.0 || >=18.0.0"
      },
      "peerDependencies": {
        "node-notifier": "^8.0.1 || ^9.0.0 || ^10.0.0"
      },
      "peerDependenciesMeta": {
        "node-notifier": {
          "optional": true
        }
      }
    },
    "node_modules/@jest/schemas": {
      "version": "29.6.3",
      "resolved": "https://registry.npmjs.org/@jest/schemas/-/schemas-29.6.3.tgz",
      "integrity": "sha512-mo5j5X+jIZmJQveBKeS/clAueipV7KgiX1vMgCxam1RNYiqE1w62n0/tJJnHtjW8ZHcQco5gY85jA3mi0L+nSA==",
      "license": "MIT",
      "dependencies": {
        "@sinclair/typebox": "^0.27.8"
      },
      "engines": {
        "node": "^14.15.0 || ^16.10.0 || >=18.0.0"
      }
    },
    "node_modules/@jest/types": {
      "version": "29.6.3",
      "resolved": "https://registry.npmjs.org/@jest/types/-/types-29.6.3.tgz",
      "integrity": "sha512-u3UPsIilWKOM3F9CXtrG8LEJmNxwoCQC/XVj4IKYXvvpx7QIi/Kg1LI5uDmDpKlac62NUtX7eLjRh+jVZcLOzw==",
      "license": "MIT",
      "dependencies": {
        "@jest/schemas": "^29.6.3",
        "@types/istanbul-lib-coverage": "^2.0.0",
        "@types/istanbul-reports": "^3.0.0",
        "@types/node": "*",
        "@types/yargs": "^17.0.8",
        "chalk": "^4.0.0"
      },
      "engines": {
        "node": "^14.15.0 || ^16.10.0 || >=18.0.0"
      }
    },
    "node_modules/@sinclair/typebox": {
      "version": "0.27.8",
      "resolved": "https://registry.npmjs.org/@sinclair/typebox/-/typebox-0.27.8.tgz",
      "integrity": "sha512-+Fj43pSMwJs4KRrH/938Uf+uAELIgVBmQzg/q1YG10djyfA3TnrU8N8XzqCh/okZdszqBQTZf96idMfE5lnwTA==",
      "license": "MIT"
    },
    "node_modules/@types/istanbul-lib-coverage": {
      "version": "2.0.6",
      "resolved": "https://registry.npmjs.org/@types/istanbul-lib-coverage/-/istanbul-lib-coverage-2.0.6.tgz",
      "integrity": "sha512-2QF/t/auWm0lsy8XtKVPG19v3sSOQlJe/YHZgfjb/KBBHOGSV+J2q/S671rcq9uTBrLAXmZpqJiaQbMT+zNU1w==",
      "license": "MIT"
    },
    "node_modules/@types/istanbul-lib-report": {
      "version": "3.0.3",
      "resolved": "https://registry.npmjs.org/@types/istanbul-lib-report/-/istanbul-lib-report-3.0.3.tgz",
      "integrity": "sha512-NQn7AHQnk/RSLOxrBbGyJM/aVQ+pjj5HCgasFxc0K/KhoATfQ/47AyUl15I2yBUpihjmas+a+VJBOqecrFH+uA==",
      "license": "MIT",
      "dependencies": {
        "@types/istanbul-lib-coverage": "*"
      }
    },
    "node_modules/@types/istanbul-reports": {
      "version": "3.0.4",
      "resolved": "https://registry.npmjs.org/@types/istanbul-reports/-/istanbul-reports-3.0.4.tgz",
      "integrity": "sha512-pk2B1NWalF9toCRu6gjBzR69syFjP4Od8WRAX+0mmf9lAjCRicLOWc+ZrxZHx/0XRjotgkF9t6iaMJ+aXcOdZQ==",
      "license": "MIT",
      "dependencies": {
        "@types/istanbul-lib-report": "*"
      }
    },
    "node_modules/@types/node": {
      "version": "22.10.1",
      "resolved": "https://registry.npmjs.org/@types/node/-/node-22.10.1.tgz",
      "integrity": "sha512-qKgsUwfHZV2WCWLAnVP1JqnpE6Im6h3Y0+fYgMTasNQ7V++CBX5OT1as0g0f+OyubbFqhf6XVNIsmN4IIhEgGQ==",
      "license": "MIT",
      "dependencies": {
        "undici-types": "~6.20.0"
      }
    },
    "node_modules/@types/yargs": {
      "version": "17.0.33",
      "resolved": "https://registry.npmjs.org/@types/yargs/-/yargs-17.0.33.tgz",
      "integrity": "sha512-WpxBCKWPLr4xSsHgz511rFJAM+wS28w2zEO1QDNY5zM/S8ok70NNfztH0xwhqKyaK0OHCbN98LDAZuy1ctxDkA==",
      "license": "MIT",
      "dependencies": {
        "@types/yargs-parser": "*"
      }
    },
    "node_modules/@types/yargs-parser": {
      "version": "21.0.3",
      "resolved": "https://registry.npmjs.org/@types/yargs-parser/-/yargs-parser-21.0.3.tgz",
      "integrity": "sha512-I4q9QU9MQv4oEOz4tAHJtNz1cwuLxn2F3xcc2iV5WdqLPpUnj30aUuxt1mAxYTG+oe8CZMV/+6rU4S4gRDzqtQ==",
      "license": "MIT"
    },
    "node_modules/ansi-styles": {
      "version": "4.3.0",
      "resolved": "https://registry.npmjs.org/ansi-styles/-/ansi-styles-4.3.0.tgz",
      "integrity": "sha512-zbB9rCJAT1rbjiVDb2hqKFHNYLxgtk8NURxZ3IZwD3F6NtxbXZQCnnSi1Lkx+IDohdPlFp222wVALIheZJQSEg==",
      "license": "MIT",
      "dependencies": {
        "color-convert": "^2.0.1"
      },
      "engines": {
        "node": ">=8"
      },
      "funding": {
        "url": "https://github.com/chalk/ansi-styles?sponsor=1"
      }
    },
    "node_modules/chalk": {
      "version": "4.1.2",
      "resolved": "https://registry.npmjs.org/chalk/-/chalk-4.1.2.tgz",
      "integrity": "sha512-oKnbhFyRIXpUuez8iBMmyEa4nbj4IOQyuhc/wy9kY7/WVPcwIO9VA668Pu8RkO7+0G76SLROeyw9CpQ061i4mA==",
      "license": "MIT",
      "dependencies": {
        "ansi-styles": "^4.1.0",
        "supports-color": "^7.1.0"
      },
      "engines": {
        "node": ">=10"
      },
      "funding": {
        "url": "https://github.com/chalk/chalk?sponsor=1"
      }
    },
    "node_modules/color-convert": {
      "version": "2.0.1",
      "resolved": "https://registry.npmjs.org/color-convert/-/color-convert-2.0.1.tgz",
      "integrity": "sha512-RRECPsj7iu/xb5oKYcsFHSppFNnsj/52OVTRKb4zP5onXwVF3zVmmToNcOfGC+CRDpfK/U584fMg38ZHCaElKQ==",
      "license": "MIT",
      "dependencies": {
        "color-name": "~1.1.4"
      },
      "engines": {
        "node": ">=7.0.0"
      }
    },
    "node_modules/color-name": {
      "version": "1.1.4",
      "resolved": "https://registry.npmjs.org/color-name/-/color-name-1.1.4.tgz",
      "integrity": "sha512-dOy+3AuW3a2wNbZHIuMZpTcgjGuLU/uBL/ubcZF9OXbDo8ff4O8yVp5Bf0efS8uEoYo5q4Fx7dY9OgQGXgAsQA==",
      "license": "MIT"
    },
    "node_modules/has-flag": {
      "version": "4.0.0",
      "resolved": "https://registry.npmjs.org/has-flag/-/has-flag-4.0.0.tgz",
      "integrity": "sha512-EykJT/Q1KjTWctppgIAgfSO0tKVuZUjhgMr17kqTumMl6Afv3EISleU7qZUzoXDFTAHTDC4NOoG/ZxU3EvlMPQ==",
      "license": "MIT",
      "engines": {
        "node": ">=8"
      }
    },
    "node_modules/jest": {
      "resolved": "../../../node_modules/.pnpm/jest@29.7.0_@types+node@22.10.1/node_modules/jest",
      "link": true
    },
    "node_modules/supports-color": {
      "version": "7.2.0",
      "resolved": "https://registry.npmjs.org/supports-color/-/supports-color-7.2.0.tgz",
      "integrity": "sha512-qpCAvRl9stuOHveKsn7HncJRvv501qIacKzQlO/+Lwxc9+0q2wLyv4Dfvt80/DPn2pqOBsJdDiogXGR9+OvwRw==",
      "license": "MIT",
      "dependencies": {
        "has-flag": "^4.0.0"
      },
      "engines": {
        "node": ">=8"
      }
    },
    "node_modules/undici-types": {
      "version": "6.20.0",
      "resolved": "https://registry.npmjs.org/undici-types/-/undici-types-6.20.0.tgz",
      "integrity": "sha512-Ny6QZ2Nju20vw1SRHe3d9jVu6gJ+4e3+MMpqu7pqE5HT6WsTSlce++GQmK5UXS8mzV8DSYHrQH+Xrf2jVcuKNg==",
      "license": "MIT"
    }
  }
}
